// !$*UTF8*$!
{
	archiveVersion = 1;
	classes = {
	};
	objectVersion = 48;
	objects = {

/* Begin PBXBuildFile section */
		BFF35C351FD40C0A007F357B /* main.cpp in Sources */ = {isa = PBXBuildFile; fileRef = BFF35C341FD40C0A007F357B /* main.cpp */; };
		BFF35CCC1FD40C59007F357B /* autocompact_test.cc in Sources */ = {isa = PBXBuildFile; fileRef = BFF35C9B1FD40C47007F357B /* autocompact_test.cc */; };
		BFF35CCD1FD40C59007F357B /* builder.cc in Sources */ = {isa = PBXBuildFile; fileRef = BFF35C9C1FD40C47007F357B /* builder.cc */; };
		BFF35CCE1FD40C59007F357B /* c.cc in Sources */ = {isa = PBXBuildFile; fileRef = BFF35C9E1FD40C47007F357B /* c.cc */; };
		BFF35CCF1FD40C59007F357B /* corruption_test.cc in Sources */ = {isa = PBXBuildFile; fileRef = BFF35CA01FD40C47007F357B /* corruption_test.cc */; };
		BFF35CD01FD40C59007F357B /* db_bench.cc in Sources */ = {isa = PBXBuildFile; fileRef = BFF35CA11FD40C47007F357B /* db_bench.cc */; };
		BFF35CD11FD40C59007F357B /* db_impl.cc in Sources */ = {isa = PBXBuildFile; fileRef = BFF35CA21FD40C47007F357B /* db_impl.cc */; };
		BFF35CD21FD40C59007F357B /* db_iter.cc in Sources */ = {isa = PBXBuildFile; fileRef = BFF35CA41FD40C47007F357B /* db_iter.cc */; };
		BFF35CD31FD40C59007F357B /* db_test.cc in Sources */ = {isa = PBXBuildFile; fileRef = BFF35CA61FD40C47007F357B /* db_test.cc */; };
		BFF35CD41FD40C59007F357B /* db_test.cc.txt in Sources */ = {isa = PBXBuildFile; fileRef = BFF35CA71FD40C47007F357B /* db_test.cc.txt */; };
		BFF35CD51FD40C59007F357B /* dbformat.cc in Sources */ = {isa = PBXBuildFile; fileRef = BFF35CA81FD40C47007F357B /* dbformat.cc */; };
		BFF35CD61FD40C59007F357B /* dbformat_test.cc in Sources */ = {isa = PBXBuildFile; fileRef = BFF35CAA1FD40C47007F357B /* dbformat_test.cc */; };
		BFF35CD71FD40C59007F357B /* dumpfile.cc in Sources */ = {isa = PBXBuildFile; fileRef = BFF35CAB1FD40C47007F357B /* dumpfile.cc */; };
		BFF35CD81FD40C59007F357B /* fault_injection_test.cc in Sources */ = {isa = PBXBuildFile; fileRef = BFF35CAC1FD40C47007F357B /* fault_injection_test.cc */; };
		BFF35CD91FD40C59007F357B /* filename.cc in Sources */ = {isa = PBXBuildFile; fileRef = BFF35CAD1FD40C47007F357B /* filename.cc */; };
		BFF35CDA1FD40C59007F357B /* filename_test.cc in Sources */ = {isa = PBXBuildFile; fileRef = BFF35CAF1FD40C47007F357B /* filename_test.cc */; };
		BFF35CDB1FD40C59007F357B /* leveldbutil.cc in Sources */ = {isa = PBXBuildFile; fileRef = BFF35CB01FD40C47007F357B /* leveldbutil.cc */; };
		BFF35CDC1FD40C59007F357B /* log_reader.cc in Sources */ = {isa = PBXBuildFile; fileRef = BFF35CB21FD40C47007F357B /* log_reader.cc */; };
		BFF35CDD1FD40C59007F357B /* log_test.cc in Sources */ = {isa = PBXBuildFile; fileRef = BFF35CB41FD40C47007F357B /* log_test.cc */; };
		BFF35CDE1FD40C59007F357B /* log_writer.cc in Sources */ = {isa = PBXBuildFile; fileRef = BFF35CB51FD40C47007F357B /* log_writer.cc */; };
		BFF35CDF1FD40C59007F357B /* memtable.cc in Sources */ = {isa = PBXBuildFile; fileRef = BFF35CB71FD40C47007F357B /* memtable.cc */; };
		BFF35CE01FD40C59007F357B /* recovery_test.cc in Sources */ = {isa = PBXBuildFile; fileRef = BFF35CB91FD40C47007F357B /* recovery_test.cc */; };
		BFF35CE11FD40C59007F357B /* repair.cc in Sources */ = {isa = PBXBuildFile; fileRef = BFF35CBA1FD40C47007F357B /* repair.cc */; };
		BFF35CE21FD40C59007F357B /* skiplist_test.cc in Sources */ = {isa = PBXBuildFile; fileRef = BFF35CBC1FD40C47007F357B /* skiplist_test.cc */; };
		BFF35CE31FD40C59007F357B /* table_cache.cc in Sources */ = {isa = PBXBuildFile; fileRef = BFF35CBE1FD40C47007F357B /* table_cache.cc */; };
		BFF35CE41FD40C59007F357B /* version_edit.cc in Sources */ = {isa = PBXBuildFile; fileRef = BFF35CC01FD40C47007F357B /* version_edit.cc */; };
		BFF35CE51FD40C59007F357B /* version_edit_test.cc in Sources */ = {isa = PBXBuildFile; fileRef = BFF35CC21FD40C47007F357B /* version_edit_test.cc */; };
		BFF35CE61FD40C59007F357B /* version_set.cc in Sources */ = {isa = PBXBuildFile; fileRef = BFF35CC31FD40C47007F357B /* version_set.cc */; };
		BFF35CE71FD40C59007F357B /* version_set_test.cc in Sources */ = {isa = PBXBuildFile; fileRef = BFF35CC51FD40C47007F357B /* version_set_test.cc */; };
		BFF35CE81FD40C59007F357B /* write_batch.cc in Sources */ = {isa = PBXBuildFile; fileRef = BFF35CC61FD40C47007F357B /* write_batch.cc */; };
		BFF35CE91FD40C59007F357B /* write_batch_test.cc in Sources */ = {isa = PBXBuildFile; fileRef = BFF35CC81FD40C47007F357B /* write_batch_test.cc */; };
		BFF35CEA1FD40C59007F357B /* db_bench_sqlite3.cc in Sources */ = {isa = PBXBuildFile; fileRef = BFF35C651FD40C47007F357B /* db_bench_sqlite3.cc */; };
		BFF35CEB1FD40C59007F357B /* db_bench_tree_db.cc in Sources */ = {isa = PBXBuildFile; fileRef = BFF35C661FD40C47007F357B /* db_bench_tree_db.cc */; };
		BFF35CEC1FD40C59007F357B /* memenv.cc in Sources */ = {isa = PBXBuildFile; fileRef = BFF35C601FD40C46007F357B /* memenv.cc */; };
		BFF35CED1FD40C59007F357B /* memenv_test.cc in Sources */ = {isa = PBXBuildFile; fileRef = BFF35C621FD40C46007F357B /* memenv_test.cc */; };
		BFF35CEE1FD40C59007F357B /* issue178_test.cc in Sources */ = {isa = PBXBuildFile; fileRef = BFF35CCA1FD40C47007F357B /* issue178_test.cc */; };
		BFF35CEF1FD40C59007F357B /* issue200_test.cc in Sources */ = {isa = PBXBuildFile; fileRef = BFF35CCB1FD40C47007F357B /* issue200_test.cc */; };
		BFF35CF01FD40C59007F357B /* port_posix.cc in Sources */ = {isa = PBXBuildFile; fileRef = BFF35C701FD40C47007F357B /* port_posix.cc */; };
		BFF35CF11FD40C59007F357B /* block.cc in Sources */ = {isa = PBXBuildFile; fileRef = BFF35C881FD40C47007F357B /* block.cc */; };
		BFF35CF21FD40C59007F357B /* block_builder.cc in Sources */ = {isa = PBXBuildFile; fileRef = BFF35C8A1FD40C47007F357B /* block_builder.cc */; };
		BFF35CF31FD40C59007F357B /* filter_block.cc in Sources */ = {isa = PBXBuildFile; fileRef = BFF35C8C1FD40C47007F357B /* filter_block.cc */; };
		BFF35CF41FD40C59007F357B /* filter_block_test.cc in Sources */ = {isa = PBXBuildFile; fileRef = BFF35C8E1FD40C47007F357B /* filter_block_test.cc */; };
		BFF35CF51FD40C59007F357B /* format.cc in Sources */ = {isa = PBXBuildFile; fileRef = BFF35C8F1FD40C47007F357B /* format.cc */; };
		BFF35CF61FD40C59007F357B /* iterator.cc in Sources */ = {isa = PBXBuildFile; fileRef = BFF35C911FD40C47007F357B /* iterator.cc */; };
		BFF35CF71FD40C59007F357B /* merger.cc in Sources */ = {isa = PBXBuildFile; fileRef = BFF35C931FD40C47007F357B /* merger.cc */; };
		BFF35CF81FD40C59007F357B /* table.cc in Sources */ = {isa = PBXBuildFile; fileRef = BFF35C951FD40C47007F357B /* table.cc */; };
		BFF35CF91FD40C59007F357B /* table_builder.cc in Sources */ = {isa = PBXBuildFile; fileRef = BFF35C961FD40C47007F357B /* table_builder.cc */; };
		BFF35CFA1FD40C59007F357B /* table_test.cc in Sources */ = {isa = PBXBuildFile; fileRef = BFF35C971FD40C47007F357B /* table_test.cc */; };
		BFF35CFB1FD40C59007F357B /* two_level_iterator.cc in Sources */ = {isa = PBXBuildFile; fileRef = BFF35C981FD40C47007F357B /* two_level_iterator.cc */; };
		BFF35CFC1FD40C59007F357B /* arena.cc in Sources */ = {isa = PBXBuildFile; fileRef = BFF35C3A1FD40C46007F357B /* arena.cc */; };
		BFF35CFD1FD40C59007F357B /* arena_test.cc in Sources */ = {isa = PBXBuildFile; fileRef = BFF35C3C1FD40C46007F357B /* arena_test.cc */; };
		BFF35CFE1FD40C59007F357B /* bloom.cc in Sources */ = {isa = PBXBuildFile; fileRef = BFF35C3D1FD40C46007F357B /* bloom.cc */; };
		BFF35CFF1FD40C59007F357B /* bloom_test.cc in Sources */ = {isa = PBXBuildFile; fileRef = BFF35C3E1FD40C46007F357B /* bloom_test.cc */; };
		BFF35D001FD40C59007F357B /* cache.cc in Sources */ = {isa = PBXBuildFile; fileRef = BFF35C3F1FD40C46007F357B /* cache.cc */; };
		BFF35D011FD40C59007F357B /* cache_test.cc in Sources */ = {isa = PBXBuildFile; fileRef = BFF35C401FD40C46007F357B /* cache_test.cc */; };
		BFF35D021FD40C59007F357B /* coding.cc in Sources */ = {isa = PBXBuildFile; fileRef = BFF35C411FD40C46007F357B /* coding.cc */; };
		BFF35D031FD40C59007F357B /* coding_test.cc in Sources */ = {isa = PBXBuildFile; fileRef = BFF35C431FD40C46007F357B /* coding_test.cc */; };
		BFF35D041FD40C59007F357B /* comparator.cc in Sources */ = {isa = PBXBuildFile; fileRef = BFF35C441FD40C46007F357B /* comparator.cc */; };
		BFF35D051FD40C59007F357B /* crc32c.cc in Sources */ = {isa = PBXBuildFile; fileRef = BFF35C451FD40C46007F357B /* crc32c.cc */; };
		BFF35D061FD40C59007F357B /* crc32c_test.cc in Sources */ = {isa = PBXBuildFile; fileRef = BFF35C471FD40C46007F357B /* crc32c_test.cc */; };
		BFF35D071FD40C59007F357B /* env.cc in Sources */ = {isa = PBXBuildFile; fileRef = BFF35C481FD40C46007F357B /* env.cc */; };
		BFF35D081FD40C59007F357B /* env_posix.cc in Sources */ = {isa = PBXBuildFile; fileRef = BFF35C491FD40C46007F357B /* env_posix.cc */; };
		BFF35D091FD40C59007F357B /* env_posix_test.cc in Sources */ = {isa = PBXBuildFile; fileRef = BFF35C4A1FD40C46007F357B /* env_posix_test.cc */; };
		BFF35D0A1FD40C59007F357B /* env_test.cc in Sources */ = {isa = PBXBuildFile; fileRef = BFF35C4C1FD40C46007F357B /* env_test.cc */; };
		BFF35D0B1FD40C59007F357B /* filter_policy.cc in Sources */ = {isa = PBXBuildFile; fileRef = BFF35C4D1FD40C46007F357B /* filter_policy.cc */; };
		BFF35D0C1FD40C59007F357B /* hash.cc in Sources */ = {isa = PBXBuildFile; fileRef = BFF35C4E1FD40C46007F357B /* hash.cc */; };
		BFF35D0D1FD40C59007F357B /* hash_test.cc in Sources */ = {isa = PBXBuildFile; fileRef = BFF35C501FD40C46007F357B /* hash_test.cc */; };
		BFF35D0E1FD40C59007F357B /* histogram.cc in Sources */ = {isa = PBXBuildFile; fileRef = BFF35C511FD40C46007F357B /* histogram.cc */; };
		BFF35D0F1FD40C59007F357B /* logging.cc in Sources */ = {isa = PBXBuildFile; fileRef = BFF35C531FD40C46007F357B /* logging.cc */; };
		BFF35D101FD40C59007F357B /* options.cc in Sources */ = {isa = PBXBuildFile; fileRef = BFF35C561FD40C46007F357B /* options.cc */; };
		BFF35D111FD40C59007F357B /* status.cc in Sources */ = {isa = PBXBuildFile; fileRef = BFF35C591FD40C46007F357B /* status.cc */; };
		BFF35D121FD40C59007F357B /* testharness.cc in Sources */ = {isa = PBXBuildFile; fileRef = BFF35C5A1FD40C46007F357B /* testharness.cc */; };
		BFF35D131FD40C59007F357B /* testutil.cc in Sources */ = {isa = PBXBuildFile; fileRef = BFF35C5C1FD40C46007F357B /* testutil.cc */; };
		BFF35D141FD40C66007F357B /* builder.h in Sources */ = {isa = PBXBuildFile; fileRef = BFF35C9D1FD40C47007F357B /* builder.h */; };
		BFF35D151FD40C66007F357B /* db_impl.h in Sources */ = {isa = PBXBuildFile; fileRef = BFF35CA31FD40C47007F357B /* db_impl.h */; };
		BFF35D161FD40C66007F357B /* db_iter.h in Sources */ = {isa = PBXBuildFile; fileRef = BFF35CA51FD40C47007F357B /* db_iter.h */; };
		BFF35D171FD40C66007F357B /* dbformat.h in Sources */ = {isa = PBXBuildFile; fileRef = BFF35CA91FD40C47007F357B /* dbformat.h */; };
		BFF35D181FD40C66007F357B /* filename.h in Sources */ = {isa = PBXBuildFile; fileRef = BFF35CAE1FD40C47007F357B /* filename.h */; };
		BFF35D191FD40C66007F357B /* log_format.h in Sources */ = {isa = PBXBuildFile; fileRef = BFF35CB11FD40C47007F357B /* log_format.h */; };
		BFF35D1A1FD40C66007F357B /* log_reader.h in Sources */ = {isa = PBXBuildFile; fileRef = BFF35CB31FD40C47007F357B /* log_reader.h */; };
		BFF35D1B1FD40C66007F357B /* log_writer.h in Sources */ = {isa = PBXBuildFile; fileRef = BFF35CB61FD40C47007F357B /* log_writer.h */; };
		BFF35D1C1FD40C66007F357B /* memtable.h in Sources */ = {isa = PBXBuildFile; fileRef = BFF35CB81FD40C47007F357B /* memtable.h */; };
		BFF35D1D1FD40C66007F357B /* skiplist.h in Sources */ = {isa = PBXBuildFile; fileRef = BFF35CBB1FD40C47007F357B /* skiplist.h */; };
		BFF35D1E1FD40C66007F357B /* snapshot.h in Sources */ = {isa = PBXBuildFile; fileRef = BFF35CBD1FD40C47007F357B /* snapshot.h */; };
		BFF35D1F1FD40C66007F357B /* table_cache.h in Sources */ = {isa = PBXBuildFile; fileRef = BFF35CBF1FD40C47007F357B /* table_cache.h */; };
		BFF35D201FD40C66007F357B /* version_edit.h in Sources */ = {isa = PBXBuildFile; fileRef = BFF35CC11FD40C47007F357B /* version_edit.h */; };
		BFF35D211FD40C66007F357B /* version_set.h in Sources */ = {isa = PBXBuildFile; fileRef = BFF35CC41FD40C47007F357B /* version_set.h */; };
		BFF35D221FD40C66007F357B /* write_batch_internal.h in Sources */ = {isa = PBXBuildFile; fileRef = BFF35CC71FD40C47007F357B /* write_batch_internal.h */; };
		BFF35D231FD40C66007F357B /* benchmark.html in Sources */ = {isa = PBXBuildFile; fileRef = BFF35C671FD40C47007F357B /* benchmark.html */; };
		BFF35D241FD40C66007F357B /* memenv.h in Sources */ = {isa = PBXBuildFile; fileRef = BFF35C611FD40C46007F357B /* memenv.h */; };
		BFF35D251FD40C66007F357B /* c.h in Sources */ = {isa = PBXBuildFile; fileRef = BFF35C781FD40C47007F357B /* c.h */; };
		BFF35D261FD40C66007F357B /* cache.h in Sources */ = {isa = PBXBuildFile; fileRef = BFF35C791FD40C47007F357B /* cache.h */; };
		BFF35D271FD40C66007F357B /* comparator.h in Sources */ = {isa = PBXBuildFile; fileRef = BFF35C7A1FD40C47007F357B /* comparator.h */; };
		BFF35D281FD40C66007F357B /* db.h in Sources */ = {isa = PBXBuildFile; fileRef = BFF35C7B1FD40C47007F357B /* db.h */; };
		BFF35D291FD40C66007F357B /* dumpfile.h in Sources */ = {isa = PBXBuildFile; fileRef = BFF35C7C1FD40C47007F357B /* dumpfile.h */; };
		BFF35D2A1FD40C66007F357B /* env.h in Sources */ = {isa = PBXBuildFile; fileRef = BFF35C7D1FD40C47007F357B /* env.h */; };
		BFF35D2B1FD40C66007F357B /* export.h in Sources */ = {isa = PBXBuildFile; fileRef = BFF35C7E1FD40C47007F357B /* export.h */; };
		BFF35D2C1FD40C66007F357B /* filter_policy.h in Sources */ = {isa = PBXBuildFile; fileRef = BFF35C7F1FD40C47007F357B /* filter_policy.h */; };
		BFF35D2D1FD40C66007F357B /* iterator.h in Sources */ = {isa = PBXBuildFile; fileRef = BFF35C801FD40C47007F357B /* iterator.h */; };
		BFF35D2E1FD40C66007F357B /* options.h in Sources */ = {isa = PBXBuildFile; fileRef = BFF35C811FD40C47007F357B /* options.h */; };
		BFF35D2F1FD40C66007F357B /* slice.h in Sources */ = {isa = PBXBuildFile; fileRef = BFF35C821FD40C47007F357B /* slice.h */; };
		BFF35D301FD40C66007F357B /* status.h in Sources */ = {isa = PBXBuildFile; fileRef = BFF35C831FD40C47007F357B /* status.h */; };
		BFF35D311FD40C66007F357B /* table.h in Sources */ = {isa = PBXBuildFile; fileRef = BFF35C841FD40C47007F357B /* table.h */; };
		BFF35D321FD40C66007F357B /* table_builder.h in Sources */ = {isa = PBXBuildFile; fileRef = BFF35C851FD40C47007F357B /* table_builder.h */; };
		BFF35D331FD40C66007F357B /* write_batch.h in Sources */ = {isa = PBXBuildFile; fileRef = BFF35C861FD40C47007F357B /* write_batch.h */; };
		BFF35D341FD40C66007F357B /* atomic_pointer.h in Sources */ = {isa = PBXBuildFile; fileRef = BFF35C6D1FD40C47007F357B /* atomic_pointer.h */; };
		BFF35D351FD40C66007F357B /* port.h in Sources */ = {isa = PBXBuildFile; fileRef = BFF35C6E1FD40C47007F357B /* port.h */; };
		BFF35D361FD40C66007F357B /* port_example.h in Sources */ = {isa = PBXBuildFile; fileRef = BFF35C6F1FD40C47007F357B /* port_example.h */; };
		BFF35D371FD40C66007F357B /* port_posix.h in Sources */ = {isa = PBXBuildFile; fileRef = BFF35C711FD40C47007F357B /* port_posix.h */; };
		BFF35D381FD40C66007F357B /* thread_annotations.h in Sources */ = {isa = PBXBuildFile; fileRef = BFF35C731FD40C47007F357B /* thread_annotations.h */; };
		BFF35D391FD40C66007F357B /* stdint.h in Sources */ = {isa = PBXBuildFile; fileRef = BFF35C751FD40C47007F357B /* stdint.h */; };
		BFF35D3A1FD40C66007F357B /* block.h in Sources */ = {isa = PBXBuildFile; fileRef = BFF35C891FD40C47007F357B /* block.h */; };
		BFF35D3B1FD40C66007F357B /* block_builder.h in Sources */ = {isa = PBXBuildFile; fileRef = BFF35C8B1FD40C47007F357B /* block_builder.h */; };
		BFF35D3C1FD40C66007F357B /* filter_block.h in Sources */ = {isa = PBXBuildFile; fileRef = BFF35C8D1FD40C47007F357B /* filter_block.h */; };
		BFF35D3D1FD40C66007F357B /* format.h in Sources */ = {isa = PBXBuildFile; fileRef = BFF35C901FD40C47007F357B /* format.h */; };
		BFF35D3E1FD40C66007F357B /* iterator_wrapper.h in Sources */ = {isa = PBXBuildFile; fileRef = BFF35C921FD40C47007F357B /* iterator_wrapper.h */; };
		BFF35D3F1FD40C66007F357B /* merger.h in Sources */ = {isa = PBXBuildFile; fileRef = BFF35C941FD40C47007F357B /* merger.h */; };
		BFF35D401FD40C66007F357B /* two_level_iterator.h in Sources */ = {isa = PBXBuildFile; fileRef = BFF35C991FD40C47007F357B /* two_level_iterator.h */; };
		BFF35D411FD40C66007F357B /* arena.h in Sources */ = {isa = PBXBuildFile; fileRef = BFF35C3B1FD40C46007F357B /* arena.h */; };
		BFF35D421FD40C66007F357B /* coding.h in Sources */ = {isa = PBXBuildFile; fileRef = BFF35C421FD40C46007F357B /* coding.h */; };
		BFF35D431FD40C66007F357B /* crc32c.h in Sources */ = {isa = PBXBuildFile; fileRef = BFF35C461FD40C46007F357B /* crc32c.h */; };
		BFF35D441FD40C66007F357B /* env_posix_test_helper.h in Sources */ = {isa = PBXBuildFile; fileRef = BFF35C4B1FD40C46007F357B /* env_posix_test_helper.h */; };
		BFF35D451FD40C66007F357B /* hash.h in Sources */ = {isa = PBXBuildFile; fileRef = BFF35C4F1FD40C46007F357B /* hash.h */; };
		BFF35D461FD40C66007F357B /* histogram.h in Sources */ = {isa = PBXBuildFile; fileRef = BFF35C521FD40C46007F357B /* histogram.h */; };
		BFF35D471FD40C66007F357B /* logging.h in Sources */ = {isa = PBXBuildFile; fileRef = BFF35C541FD40C46007F357B /* logging.h */; };
		BFF35D481FD40C66007F357B /* mutexlock.h in Sources */ = {isa = PBXBuildFile; fileRef = BFF35C551FD40C46007F357B /* mutexlock.h */; };
		BFF35D491FD40C66007F357B /* posix_logger.h in Sources */ = {isa = PBXBuildFile; fileRef = BFF35C571FD40C46007F357B /* posix_logger.h */; };
		BFF35D4A1FD40C66007F357B /* random.h in Sources */ = {isa = PBXBuildFile; fileRef = BFF35C581FD40C46007F357B /* random.h */; };
		BFF35D4B1FD40C66007F357B /* testharness.h in Sources */ = {isa = PBXBuildFile; fileRef = BFF35C5B1FD40C46007F357B /* testharness.h */; };
		BFF35D4C1FD40C66007F357B /* testutil.h in Sources */ = {isa = PBXBuildFile; fileRef = BFF35C5D1FD40C46007F357B /* testutil.h */; };
/* End PBXBuildFile section */

/* Begin PBXCopyFilesBuildPhase section */
		BFF35C2F1FD40C0A007F357B /* CopyFiles */ = {
			isa = PBXCopyFilesBuildPhase;
			buildActionMask = 2147483647;
			dstPath = /usr/share/man/man1/;
			dstSubfolderSpec = 0;
			files = (
			);
			runOnlyForDeploymentPostprocessing = 1;
		};
/* End PBXCopyFilesBuildPhase section */

/* Begin PBXFileReference section */
		BFF35C311FD40C0A007F357B /* dummy */ = {isa = PBXFileReference; explicitFileType = "compiled.mach-o.executable"; includeInIndex = 0; path = dummy; sourceTree = BUILT_PRODUCTS_DIR; };
		BFF35C341FD40C0A007F357B /* main.cpp */ = {isa = PBXFileReference; lastKnownFileType = sourcecode.cpp.cpp; path = main.cpp; sourceTree = "<group>"; };
		BFF35C3A1FD40C46007F357B /* arena.cc */ = {isa = PBXFileReference; fileEncoding = 4; lastKnownFileType = sourcecode.cpp.cpp; path = arena.cc; sourceTree = "<group>"; };
		BFF35C3B1FD40C46007F357B /* arena.h */ = {isa = PBXFileReference; fileEncoding = 4; lastKnownFileType = sourcecode.c.h; path = arena.h; sourceTree = "<group>"; };
		BFF35C3C1FD40C46007F357B /* arena_test.cc */ = {isa = PBXFileReference; fileEncoding = 4; lastKnownFileType = sourcecode.cpp.cpp; path = arena_test.cc; sourceTree = "<group>"; };
		BFF35C3D1FD40C46007F357B /* bloom.cc */ = {isa = PBXFileReference; fileEncoding = 4; lastKnownFileType = sourcecode.cpp.cpp; path = bloom.cc; sourceTree = "<group>"; };
		BFF35C3E1FD40C46007F357B /* bloom_test.cc */ = {isa = PBXFileReference; fileEncoding = 4; lastKnownFileType = sourcecode.cpp.cpp; path = bloom_test.cc; sourceTree = "<group>"; };
		BFF35C3F1FD40C46007F357B /* cache.cc */ = {isa = PBXFileReference; fileEncoding = 4; lastKnownFileType = sourcecode.cpp.cpp; path = cache.cc; sourceTree = "<group>"; };
		BFF35C401FD40C46007F357B /* cache_test.cc */ = {isa = PBXFileReference; fileEncoding = 4; lastKnownFileType = sourcecode.cpp.cpp; path = cache_test.cc; sourceTree = "<group>"; };
		BFF35C411FD40C46007F357B /* coding.cc */ = {isa = PBXFileReference; fileEncoding = 4; lastKnownFileType = sourcecode.cpp.cpp; path = coding.cc; sourceTree = "<group>"; };
		BFF35C421FD40C46007F357B /* coding.h */ = {isa = PBXFileReference; fileEncoding = 4; lastKnownFileType = sourcecode.c.h; path = coding.h; sourceTree = "<group>"; };
		BFF35C431FD40C46007F357B /* coding_test.cc */ = {isa = PBXFileReference; fileEncoding = 4; lastKnownFileType = sourcecode.cpp.cpp; path = coding_test.cc; sourceTree = "<group>"; };
		BFF35C441FD40C46007F357B /* comparator.cc */ = {isa = PBXFileReference; fileEncoding = 4; lastKnownFileType = sourcecode.cpp.cpp; path = comparator.cc; sourceTree = "<group>"; };
		BFF35C451FD40C46007F357B /* crc32c.cc */ = {isa = PBXFileReference; fileEncoding = 4; lastKnownFileType = sourcecode.cpp.cpp; path = crc32c.cc; sourceTree = "<group>"; };
		BFF35C461FD40C46007F357B /* crc32c.h */ = {isa = PBXFileReference; fileEncoding = 4; lastKnownFileType = sourcecode.c.h; path = crc32c.h; sourceTree = "<group>"; };
		BFF35C471FD40C46007F357B /* crc32c_test.cc */ = {isa = PBXFileReference; fileEncoding = 4; lastKnownFileType = sourcecode.cpp.cpp; path = crc32c_test.cc; sourceTree = "<group>"; };
		BFF35C481FD40C46007F357B /* env.cc */ = {isa = PBXFileReference; fileEncoding = 4; lastKnownFileType = sourcecode.cpp.cpp; path = env.cc; sourceTree = "<group>"; };
		BFF35C491FD40C46007F357B /* env_posix.cc */ = {isa = PBXFileReference; fileEncoding = 4; lastKnownFileType = sourcecode.cpp.cpp; path = env_posix.cc; sourceTree = "<group>"; };
		BFF35C4A1FD40C46007F357B /* env_posix_test.cc */ = {isa = PBXFileReference; fileEncoding = 4; lastKnownFileType = sourcecode.cpp.cpp; path = env_posix_test.cc; sourceTree = "<group>"; };
		BFF35C4B1FD40C46007F357B /* env_posix_test_helper.h */ = {isa = PBXFileReference; fileEncoding = 4; lastKnownFileType = sourcecode.c.h; path = env_posix_test_helper.h; sourceTree = "<group>"; };
		BFF35C4C1FD40C46007F357B /* env_test.cc */ = {isa = PBXFileReference; fileEncoding = 4; lastKnownFileType = sourcecode.cpp.cpp; path = env_test.cc; sourceTree = "<group>"; };
		BFF35C4D1FD40C46007F357B /* filter_policy.cc */ = {isa = PBXFileReference; fileEncoding = 4; lastKnownFileType = sourcecode.cpp.cpp; path = filter_policy.cc; sourceTree = "<group>"; };
		BFF35C4E1FD40C46007F357B /* hash.cc */ = {isa = PBXFileReference; fileEncoding = 4; lastKnownFileType = sourcecode.cpp.cpp; path = hash.cc; sourceTree = "<group>"; };
		BFF35C4F1FD40C46007F357B /* hash.h */ = {isa = PBXFileReference; fileEncoding = 4; lastKnownFileType = sourcecode.c.h; path = hash.h; sourceTree = "<group>"; };
		BFF35C501FD40C46007F357B /* hash_test.cc */ = {isa = PBXFileReference; fileEncoding = 4; lastKnownFileType = sourcecode.cpp.cpp; path = hash_test.cc; sourceTree = "<group>"; };
		BFF35C511FD40C46007F357B /* histogram.cc */ = {isa = PBXFileReference; fileEncoding = 4; lastKnownFileType = sourcecode.cpp.cpp; path = histogram.cc; sourceTree = "<group>"; };
		BFF35C521FD40C46007F357B /* histogram.h */ = {isa = PBXFileReference; fileEncoding = 4; lastKnownFileType = sourcecode.c.h; path = histogram.h; sourceTree = "<group>"; };
		BFF35C531FD40C46007F357B /* logging.cc */ = {isa = PBXFileReference; fileEncoding = 4; lastKnownFileType = sourcecode.cpp.cpp; path = logging.cc; sourceTree = "<group>"; };
		BFF35C541FD40C46007F357B /* logging.h */ = {isa = PBXFileReference; fileEncoding = 4; lastKnownFileType = sourcecode.c.h; path = logging.h; sourceTree = "<group>"; };
		BFF35C551FD40C46007F357B /* mutexlock.h */ = {isa = PBXFileReference; fileEncoding = 4; lastKnownFileType = sourcecode.c.h; path = mutexlock.h; sourceTree = "<group>"; };
		BFF35C561FD40C46007F357B /* options.cc */ = {isa = PBXFileReference; fileEncoding = 4; lastKnownFileType = sourcecode.cpp.cpp; path = options.cc; sourceTree = "<group>"; };
		BFF35C571FD40C46007F357B /* posix_logger.h */ = {isa = PBXFileReference; fileEncoding = 4; lastKnownFileType = sourcecode.c.h; path = posix_logger.h; sourceTree = "<group>"; };
		BFF35C581FD40C46007F357B /* random.h */ = {isa = PBXFileReference; fileEncoding = 4; lastKnownFileType = sourcecode.c.h; path = random.h; sourceTree = "<group>"; };
		BFF35C591FD40C46007F357B /* status.cc */ = {isa = PBXFileReference; fileEncoding = 4; lastKnownFileType = sourcecode.cpp.cpp; path = status.cc; sourceTree = "<group>"; };
		BFF35C5A1FD40C46007F357B /* testharness.cc */ = {isa = PBXFileReference; fileEncoding = 4; lastKnownFileType = sourcecode.cpp.cpp; path = testharness.cc; sourceTree = "<group>"; };
		BFF35C5B1FD40C46007F357B /* testharness.h */ = {isa = PBXFileReference; fileEncoding = 4; lastKnownFileType = sourcecode.c.h; path = testharness.h; sourceTree = "<group>"; };
		BFF35C5C1FD40C46007F357B /* testutil.cc */ = {isa = PBXFileReference; fileEncoding = 4; lastKnownFileType = sourcecode.cpp.cpp; path = testutil.cc; sourceTree = "<group>"; };
		BFF35C5D1FD40C46007F357B /* testutil.h */ = {isa = PBXFileReference; fileEncoding = 4; lastKnownFileType = sourcecode.c.h; path = testutil.h; sourceTree = "<group>"; };
		BFF35C601FD40C46007F357B /* memenv.cc */ = {isa = PBXFileReference; fileEncoding = 4; lastKnownFileType = sourcecode.cpp.cpp; path = memenv.cc; sourceTree = "<group>"; };
		BFF35C611FD40C46007F357B /* memenv.h */ = {isa = PBXFileReference; fileEncoding = 4; lastKnownFileType = sourcecode.c.h; path = memenv.h; sourceTree = "<group>"; };
		BFF35C621FD40C46007F357B /* memenv_test.cc */ = {isa = PBXFileReference; fileEncoding = 4; lastKnownFileType = sourcecode.cpp.cpp; path = memenv_test.cc; sourceTree = "<group>"; };
		BFF35C651FD40C47007F357B /* db_bench_sqlite3.cc */ = {isa = PBXFileReference; fileEncoding = 4; lastKnownFileType = sourcecode.cpp.cpp; path = db_bench_sqlite3.cc; sourceTree = "<group>"; };
		BFF35C661FD40C47007F357B /* db_bench_tree_db.cc */ = {isa = PBXFileReference; fileEncoding = 4; lastKnownFileType = sourcecode.cpp.cpp; path = db_bench_tree_db.cc; sourceTree = "<group>"; };
		BFF35C671FD40C47007F357B /* benchmark.html */ = {isa = PBXFileReference; fileEncoding = 4; lastKnownFileType = text.html; path = benchmark.html; sourceTree = "<group>"; };
		BFF35C681FD40C47007F357B /* impl.md */ = {isa = PBXFileReference; fileEncoding = 4; lastKnownFileType = net.daringfireball.markdown; path = impl.md; sourceTree = "<group>"; };
		BFF35C691FD40C47007F357B /* index.md */ = {isa = PBXFileReference; fileEncoding = 4; lastKnownFileType = net.daringfireball.markdown; path = index.md; sourceTree = "<group>"; };
		BFF35C6A1FD40C47007F357B /* log_format.md */ = {isa = PBXFileReference; fileEncoding = 4; lastKnownFileType = net.daringfireball.markdown; path = log_format.md; sourceTree = "<group>"; };
		BFF35C6B1FD40C47007F357B /* table_format.md */ = {isa = PBXFileReference; fileEncoding = 4; lastKnownFileType = net.daringfireball.markdown; path = table_format.md; sourceTree = "<group>"; };
		BFF35C6D1FD40C47007F357B /* atomic_pointer.h */ = {isa = PBXFileReference; fileEncoding = 4; lastKnownFileType = sourcecode.c.h; path = atomic_pointer.h; sourceTree = "<group>"; };
		BFF35C6E1FD40C47007F357B /* port.h */ = {isa = PBXFileReference; fileEncoding = 4; lastKnownFileType = sourcecode.c.h; path = port.h; sourceTree = "<group>"; };
		BFF35C6F1FD40C47007F357B /* port_example.h */ = {isa = PBXFileReference; fileEncoding = 4; lastKnownFileType = sourcecode.c.h; path = port_example.h; sourceTree = "<group>"; };
		BFF35C701FD40C47007F357B /* port_posix.cc */ = {isa = PBXFileReference; fileEncoding = 4; lastKnownFileType = sourcecode.cpp.cpp; path = port_posix.cc; sourceTree = "<group>"; };
		BFF35C711FD40C47007F357B /* port_posix.h */ = {isa = PBXFileReference; fileEncoding = 4; lastKnownFileType = sourcecode.c.h; path = port_posix.h; sourceTree = "<group>"; };
		BFF35C721FD40C47007F357B /* README */ = {isa = PBXFileReference; fileEncoding = 4; lastKnownFileType = text; path = README; sourceTree = "<group>"; };
		BFF35C731FD40C47007F357B /* thread_annotations.h */ = {isa = PBXFileReference; fileEncoding = 4; lastKnownFileType = sourcecode.c.h; path = thread_annotations.h; sourceTree = "<group>"; };
		BFF35C751FD40C47007F357B /* stdint.h */ = {isa = PBXFileReference; fileEncoding = 4; lastKnownFileType = sourcecode.c.h; path = stdint.h; sourceTree = "<group>"; };
		BFF35C781FD40C47007F357B /* c.h */ = {isa = PBXFileReference; fileEncoding = 4; lastKnownFileType = sourcecode.c.h; path = c.h; sourceTree = "<group>"; };
		BFF35C791FD40C47007F357B /* cache.h */ = {isa = PBXFileReference; fileEncoding = 4; lastKnownFileType = sourcecode.c.h; path = cache.h; sourceTree = "<group>"; };
		BFF35C7A1FD40C47007F357B /* comparator.h */ = {isa = PBXFileReference; fileEncoding = 4; lastKnownFileType = sourcecode.c.h; path = comparator.h; sourceTree = "<group>"; };
		BFF35C7B1FD40C47007F357B /* db.h */ = {isa = PBXFileReference; fileEncoding = 4; lastKnownFileType = sourcecode.c.h; path = db.h; sourceTree = "<group>"; };
		BFF35C7C1FD40C47007F357B /* dumpfile.h */ = {isa = PBXFileReference; fileEncoding = 4; lastKnownFileType = sourcecode.c.h; path = dumpfile.h; sourceTree = "<group>"; };
		BFF35C7D1FD40C47007F357B /* env.h */ = {isa = PBXFileReference; fileEncoding = 4; lastKnownFileType = sourcecode.c.h; path = env.h; sourceTree = "<group>"; };
		BFF35C7E1FD40C47007F357B /* export.h */ = {isa = PBXFileReference; fileEncoding = 4; lastKnownFileType = sourcecode.c.h; path = export.h; sourceTree = "<group>"; };
		BFF35C7F1FD40C47007F357B /* filter_policy.h */ = {isa = PBXFileReference; fileEncoding = 4; lastKnownFileType = sourcecode.c.h; path = filter_policy.h; sourceTree = "<group>"; };
		BFF35C801FD40C47007F357B /* iterator.h */ = {isa = PBXFileReference; fileEncoding = 4; lastKnownFileType = sourcecode.c.h; path = iterator.h; sourceTree = "<group>"; };
		BFF35C811FD40C47007F357B /* options.h */ = {isa = PBXFileReference; fileEncoding = 4; lastKnownFileType = sourcecode.c.h; path = options.h; sourceTree = "<group>"; };
		BFF35C821FD40C47007F357B /* slice.h */ = {isa = PBXFileReference; fileEncoding = 4; lastKnownFileType = sourcecode.c.h; path = slice.h; sourceTree = "<group>"; };
		BFF35C831FD40C47007F357B /* status.h */ = {isa = PBXFileReference; fileEncoding = 4; lastKnownFileType = sourcecode.c.h; path = status.h; sourceTree = "<group>"; };
		BFF35C841FD40C47007F357B /* table.h */ = {isa = PBXFileReference; fileEncoding = 4; lastKnownFileType = sourcecode.c.h; path = table.h; sourceTree = "<group>"; };
		BFF35C851FD40C47007F357B /* table_builder.h */ = {isa = PBXFileReference; fileEncoding = 4; lastKnownFileType = sourcecode.c.h; path = table_builder.h; sourceTree = "<group>"; };
		BFF35C861FD40C47007F357B /* write_batch.h */ = {isa = PBXFileReference; fileEncoding = 4; lastKnownFileType = sourcecode.c.h; path = write_batch.h; sourceTree = "<group>"; };
		BFF35C881FD40C47007F357B /* block.cc */ = {isa = PBXFileReference; fileEncoding = 4; lastKnownFileType = sourcecode.cpp.cpp; path = block.cc; sourceTree = "<group>"; };
		BFF35C891FD40C47007F357B /* block.h */ = {isa = PBXFileReference; fileEncoding = 4; lastKnownFileType = sourcecode.c.h; path = block.h; sourceTree = "<group>"; };
		BFF35C8A1FD40C47007F357B /* block_builder.cc */ = {isa = PBXFileReference; fileEncoding = 4; lastKnownFileType = sourcecode.cpp.cpp; path = block_builder.cc; sourceTree = "<group>"; };
		BFF35C8B1FD40C47007F357B /* block_builder.h */ = {isa = PBXFileReference; fileEncoding = 4; lastKnownFileType = sourcecode.c.h; path = block_builder.h; sourceTree = "<group>"; };
		BFF35C8C1FD40C47007F357B /* filter_block.cc */ = {isa = PBXFileReference; fileEncoding = 4; lastKnownFileType = sourcecode.cpp.cpp; path = filter_block.cc; sourceTree = "<group>"; };
		BFF35C8D1FD40C47007F357B /* filter_block.h */ = {isa = PBXFileReference; fileEncoding = 4; lastKnownFileType = sourcecode.c.h; path = filter_block.h; sourceTree = "<group>"; };
		BFF35C8E1FD40C47007F357B /* filter_block_test.cc */ = {isa = PBXFileReference; fileEncoding = 4; lastKnownFileType = sourcecode.cpp.cpp; path = filter_block_test.cc; sourceTree = "<group>"; };
		BFF35C8F1FD40C47007F357B /* format.cc */ = {isa = PBXFileReference; fileEncoding = 4; lastKnownFileType = sourcecode.cpp.cpp; path = format.cc; sourceTree = "<group>"; };
		BFF35C901FD40C47007F357B /* format.h */ = {isa = PBXFileReference; fileEncoding = 4; lastKnownFileType = sourcecode.c.h; path = format.h; sourceTree = "<group>"; };
		BFF35C911FD40C47007F357B /* iterator.cc */ = {isa = PBXFileReference; fileEncoding = 4; lastKnownFileType = sourcecode.cpp.cpp; path = iterator.cc; sourceTree = "<group>"; };
		BFF35C921FD40C47007F357B /* iterator_wrapper.h */ = {isa = PBXFileReference; fileEncoding = 4; lastKnownFileType = sourcecode.c.h; path = iterator_wrapper.h; sourceTree = "<group>"; };
		BFF35C931FD40C47007F357B /* merger.cc */ = {isa = PBXFileReference; fileEncoding = 4; lastKnownFileType = sourcecode.cpp.cpp; path = merger.cc; sourceTree = "<group>"; };
		BFF35C941FD40C47007F357B /* merger.h */ = {isa = PBXFileReference; fileEncoding = 4; lastKnownFileType = sourcecode.c.h; path = merger.h; sourceTree = "<group>"; };
		BFF35C951FD40C47007F357B /* table.cc */ = {isa = PBXFileReference; fileEncoding = 4; lastKnownFileType = sourcecode.cpp.cpp; path = table.cc; sourceTree = "<group>"; };
		BFF35C961FD40C47007F357B /* table_builder.cc */ = {isa = PBXFileReference; fileEncoding = 4; lastKnownFileType = sourcecode.cpp.cpp; path = table_builder.cc; sourceTree = "<group>"; };
		BFF35C971FD40C47007F357B /* table_test.cc */ = {isa = PBXFileReference; fileEncoding = 4; lastKnownFileType = sourcecode.cpp.cpp; path = table_test.cc; sourceTree = "<group>"; };
		BFF35C981FD40C47007F357B /* two_level_iterator.cc */ = {isa = PBXFileReference; fileEncoding = 4; lastKnownFileType = sourcecode.cpp.cpp; path = two_level_iterator.cc; sourceTree = "<group>"; };
		BFF35C991FD40C47007F357B /* two_level_iterator.h */ = {isa = PBXFileReference; fileEncoding = 4; lastKnownFileType = sourcecode.c.h; path = two_level_iterator.h; sourceTree = "<group>"; };
		BFF35C9B1FD40C47007F357B /* autocompact_test.cc */ = {isa = PBXFileReference; fileEncoding = 4; lastKnownFileType = sourcecode.cpp.cpp; path = autocompact_test.cc; sourceTree = "<group>"; };
		BFF35C9C1FD40C47007F357B /* builder.cc */ = {isa = PBXFileReference; fileEncoding = 4; lastKnownFileType = sourcecode.cpp.cpp; path = builder.cc; sourceTree = "<group>"; };
		BFF35C9D1FD40C47007F357B /* builder.h */ = {isa = PBXFileReference; fileEncoding = 4; lastKnownFileType = sourcecode.c.h; path = builder.h; sourceTree = "<group>"; };
		BFF35C9E1FD40C47007F357B /* c.cc */ = {isa = PBXFileReference; fileEncoding = 4; lastKnownFileType = sourcecode.cpp.cpp; path = c.cc; sourceTree = "<group>"; };
		BFF35C9F1FD40C47007F357B /* c_test.c */ = {isa = PBXFileReference; fileEncoding = 4; lastKnownFileType = sourcecode.c.c; path = c_test.c; sourceTree = "<group>"; };
		BFF35CA01FD40C47007F357B /* corruption_test.cc */ = {isa = PBXFileReference; fileEncoding = 4; lastKnownFileType = sourcecode.cpp.cpp; path = corruption_test.cc; sourceTree = "<group>"; };
		BFF35CA11FD40C47007F357B /* db_bench.cc */ = {isa = PBXFileReference; fileEncoding = 4; lastKnownFileType = sourcecode.cpp.cpp; path = db_bench.cc; sourceTree = "<group>"; };
		BFF35CA21FD40C47007F357B /* db_impl.cc */ = {isa = PBXFileReference; fileEncoding = 4; lastKnownFileType = sourcecode.cpp.cpp; path = db_impl.cc; sourceTree = "<group>"; };
		BFF35CA31FD40C47007F357B /* db_impl.h */ = {isa = PBXFileReference; fileEncoding = 4; lastKnownFileType = sourcecode.c.h; path = db_impl.h; sourceTree = "<group>"; };
		BFF35CA41FD40C47007F357B /* db_iter.cc */ = {isa = PBXFileReference; fileEncoding = 4; lastKnownFileType = sourcecode.cpp.cpp; path = db_iter.cc; sourceTree = "<group>"; };
		BFF35CA51FD40C47007F357B /* db_iter.h */ = {isa = PBXFileReference; fileEncoding = 4; lastKnownFileType = sourcecode.c.h; path = db_iter.h; sourceTree = "<group>"; };
		BFF35CA61FD40C47007F357B /* db_test.cc */ = {isa = PBXFileReference; fileEncoding = 4; lastKnownFileType = sourcecode.cpp.cpp; path = db_test.cc; sourceTree = "<group>"; };
		BFF35CA71FD40C47007F357B /* db_test.cc.txt */ = {isa = PBXFileReference; fileEncoding = 4; lastKnownFileType = text; path = db_test.cc.txt; sourceTree = "<group>"; };
		BFF35CA81FD40C47007F357B /* dbformat.cc */ = {isa = PBXFileReference; fileEncoding = 4; lastKnownFileType = sourcecode.cpp.cpp; path = dbformat.cc; sourceTree = "<group>"; };
		BFF35CA91FD40C47007F357B /* dbformat.h */ = {isa = PBXFileReference; fileEncoding = 4; lastKnownFileType = sourcecode.c.h; path = dbformat.h; sourceTree = "<group>"; };
		BFF35CAA1FD40C47007F357B /* dbformat_test.cc */ = {isa = PBXFileReference; fileEncoding = 4; lastKnownFileType = sourcecode.cpp.cpp; path = dbformat_test.cc; sourceTree = "<group>"; };
		BFF35CAB1FD40C47007F357B /* dumpfile.cc */ = {isa = PBXFileReference; fileEncoding = 4; lastKnownFileType = sourcecode.cpp.cpp; path = dumpfile.cc; sourceTree = "<group>"; };
		BFF35CAC1FD40C47007F357B /* fault_injection_test.cc */ = {isa = PBXFileReference; fileEncoding = 4; lastKnownFileType = sourcecode.cpp.cpp; path = fault_injection_test.cc; sourceTree = "<group>"; };
		BFF35CAD1FD40C47007F357B /* filename.cc */ = {isa = PBXFileReference; fileEncoding = 4; lastKnownFileType = sourcecode.cpp.cpp; path = filename.cc; sourceTree = "<group>"; };
		BFF35CAE1FD40C47007F357B /* filename.h */ = {isa = PBXFileReference; fileEncoding = 4; lastKnownFileType = sourcecode.c.h; path = filename.h; sourceTree = "<group>"; };
		BFF35CAF1FD40C47007F357B /* filename_test.cc */ = {isa = PBXFileReference; fileEncoding = 4; lastKnownFileType = sourcecode.cpp.cpp; path = filename_test.cc; sourceTree = "<group>"; };
		BFF35CB01FD40C47007F357B /* leveldbutil.cc */ = {isa = PBXFileReference; fileEncoding = 4; lastKnownFileType = sourcecode.cpp.cpp; path = leveldbutil.cc; sourceTree = "<group>"; };
		BFF35CB11FD40C47007F357B /* log_format.h */ = {isa = PBXFileReference; fileEncoding = 4; lastKnownFileType = sourcecode.c.h; path = log_format.h; sourceTree = "<group>"; };
		BFF35CB21FD40C47007F357B /* log_reader.cc */ = {isa = PBXFileReference; fileEncoding = 4; lastKnownFileType = sourcecode.cpp.cpp; path = log_reader.cc; sourceTree = "<group>"; };
		BFF35CB31FD40C47007F357B /* log_reader.h */ = {isa = PBXFileReference; fileEncoding = 4; lastKnownFileType = sourcecode.c.h; path = log_reader.h; sourceTree = "<group>"; };
		BFF35CB41FD40C47007F357B /* log_test.cc */ = {isa = PBXFileReference; fileEncoding = 4; lastKnownFileType = sourcecode.cpp.cpp; path = log_test.cc; sourceTree = "<group>"; };
		BFF35CB51FD40C47007F357B /* log_writer.cc */ = {isa = PBXFileReference; fileEncoding = 4; lastKnownFileType = sourcecode.cpp.cpp; path = log_writer.cc; sourceTree = "<group>"; };
		BFF35CB61FD40C47007F357B /* log_writer.h */ = {isa = PBXFileReference; fileEncoding = 4; lastKnownFileType = sourcecode.c.h; path = log_writer.h; sourceTree = "<group>"; };
		BFF35CB71FD40C47007F357B /* memtable.cc */ = {isa = PBXFileReference; fileEncoding = 4; lastKnownFileType = sourcecode.cpp.cpp; path = memtable.cc; sourceTree = "<group>"; };
		BFF35CB81FD40C47007F357B /* memtable.h */ = {isa = PBXFileReference; fileEncoding = 4; lastKnownFileType = sourcecode.c.h; path = memtable.h; sourceTree = "<group>"; };
		BFF35CB91FD40C47007F357B /* recovery_test.cc */ = {isa = PBXFileReference; fileEncoding = 4; lastKnownFileType = sourcecode.cpp.cpp; path = recovery_test.cc; sourceTree = "<group>"; };
		BFF35CBA1FD40C47007F357B /* repair.cc */ = {isa = PBXFileReference; fileEncoding = 4; lastKnownFileType = sourcecode.cpp.cpp; path = repair.cc; sourceTree = "<group>"; };
		BFF35CBB1FD40C47007F357B /* skiplist.h */ = {isa = PBXFileReference; fileEncoding = 4; lastKnownFileType = sourcecode.c.h; path = skiplist.h; sourceTree = "<group>"; };
		BFF35CBC1FD40C47007F357B /* skiplist_test.cc */ = {isa = PBXFileReference; fileEncoding = 4; lastKnownFileType = sourcecode.cpp.cpp; path = skiplist_test.cc; sourceTree = "<group>"; };
		BFF35CBD1FD40C47007F357B /* snapshot.h */ = {isa = PBXFileReference; fileEncoding = 4; lastKnownFileType = sourcecode.c.h; path = snapshot.h; sourceTree = "<group>"; };
		BFF35CBE1FD40C47007F357B /* table_cache.cc */ = {isa = PBXFileReference; fileEncoding = 4; lastKnownFileType = sourcecode.cpp.cpp; path = table_cache.cc; sourceTree = "<group>"; };
		BFF35CBF1FD40C47007F357B /* table_cache.h */ = {isa = PBXFileReference; fileEncoding = 4; lastKnownFileType = sourcecode.c.h; path = table_cache.h; sourceTree = "<group>"; };
		BFF35CC01FD40C47007F357B /* version_edit.cc */ = {isa = PBXFileReference; fileEncoding = 4; lastKnownFileType = sourcecode.cpp.cpp; path = version_edit.cc; sourceTree = "<group>"; };
		BFF35CC11FD40C47007F357B /* version_edit.h */ = {isa = PBXFileReference; fileEncoding = 4; lastKnownFileType = sourcecode.c.h; path = version_edit.h; sourceTree = "<group>"; };
		BFF35CC21FD40C47007F357B /* version_edit_test.cc */ = {isa = PBXFileReference; fileEncoding = 4; lastKnownFileType = sourcecode.cpp.cpp; path = version_edit_test.cc; sourceTree = "<group>"; };
		BFF35CC31FD40C47007F357B /* version_set.cc */ = {isa = PBXFileReference; fileEncoding = 4; lastKnownFileType = sourcecode.cpp.cpp; path = version_set.cc; sourceTree = "<group>"; };
		BFF35CC41FD40C47007F357B /* version_set.h */ = {isa = PBXFileReference; fileEncoding = 4; lastKnownFileType = sourcecode.c.h; path = version_set.h; sourceTree = "<group>"; };
		BFF35CC51FD40C47007F357B /* version_set_test.cc */ = {isa = PBXFileReference; fileEncoding = 4; lastKnownFileType = sourcecode.cpp.cpp; path = version_set_test.cc; sourceTree = "<group>"; };
		BFF35CC61FD40C47007F357B /* write_batch.cc */ = {isa = PBXFileReference; fileEncoding = 4; lastKnownFileType = sourcecode.cpp.cpp; path = write_batch.cc; sourceTree = "<group>"; };
		BFF35CC71FD40C47007F357B /* write_batch_internal.h */ = {isa = PBXFileReference; fileEncoding = 4; lastKnownFileType = sourcecode.c.h; path = write_batch_internal.h; sourceTree = "<group>"; };
		BFF35CC81FD40C47007F357B /* write_batch_test.cc */ = {isa = PBXFileReference; fileEncoding = 4; lastKnownFileType = sourcecode.cpp.cpp; path = write_batch_test.cc; sourceTree = "<group>"; };
		BFF35CCA1FD40C47007F357B /* issue178_test.cc */ = {isa = PBXFileReference; fileEncoding = 4; lastKnownFileType = sourcecode.cpp.cpp; path = issue178_test.cc; sourceTree = "<group>"; };
		BFF35CCB1FD40C47007F357B /* issue200_test.cc */ = {isa = PBXFileReference; fileEncoding = 4; lastKnownFileType = sourcecode.cpp.cpp; path = issue200_test.cc; sourceTree = "<group>"; };
/* End PBXFileReference section */

/* Begin PBXFrameworksBuildPhase section */
		BFF35C2E1FD40C0A007F357B /* Frameworks */ = {
			isa = PBXFrameworksBuildPhase;
			buildActionMask = 2147483647;
			files = (
			);
			runOnlyForDeploymentPostprocessing = 0;
		};
/* End PBXFrameworksBuildPhase section */

/* Begin PBXGroup section */
		BFF35C221FD403DD007F357B = {
			isa = PBXGroup;
			children = (
				BFF35C9A1FD40C47007F357B /* db */,
				BFF35C631FD40C47007F357B /* doc */,
				BFF35C5E1FD40C46007F357B /* helpers */,
				BFF35C761FD40C47007F357B /* include */,
				BFF35CC91FD40C47007F357B /* issues */,
				BFF35C6C1FD40C47007F357B /* port */,
				BFF35C871FD40C47007F357B /* table */,
				BFF35C391FD40C46007F357B /* util */,
				BFF35C331FD40C0A007F357B /* dummy */,
				BFF35C321FD40C0A007F357B /* Products */,
			);
			sourceTree = "<group>";
			usesTabs = 0;
		};
		BFF35C321FD40C0A007F357B /* Products */ = {
			isa = PBXGroup;
			children = (
				BFF35C311FD40C0A007F357B /* dummy */,
			);
			name = Products;
			sourceTree = "<group>";
		};
		BFF35C331FD40C0A007F357B /* dummy */ = {
			isa = PBXGroup;
			children = (
				BFF35C341FD40C0A007F357B /* main.cpp */,
			);
			path = dummy;
			sourceTree = "<group>";
		};
		BFF35C391FD40C46007F357B /* util */ = {
			isa = PBXGroup;
			children = (
				BFF35C3A1FD40C46007F357B /* arena.cc */,
				BFF35C3B1FD40C46007F357B /* arena.h */,
				BFF35C3C1FD40C46007F357B /* arena_test.cc */,
				BFF35C3D1FD40C46007F357B /* bloom.cc */,
				BFF35C3E1FD40C46007F357B /* bloom_test.cc */,
				BFF35C3F1FD40C46007F357B /* cache.cc */,
				BFF35C401FD40C46007F357B /* cache_test.cc */,
				BFF35C411FD40C46007F357B /* coding.cc */,
				BFF35C421FD40C46007F357B /* coding.h */,
				BFF35C431FD40C46007F357B /* coding_test.cc */,
				BFF35C441FD40C46007F357B /* comparator.cc */,
				BFF35C451FD40C46007F357B /* crc32c.cc */,
				BFF35C461FD40C46007F357B /* crc32c.h */,
				BFF35C471FD40C46007F357B /* crc32c_test.cc */,
				BFF35C481FD40C46007F357B /* env.cc */,
				BFF35C491FD40C46007F357B /* env_posix.cc */,
				BFF35C4A1FD40C46007F357B /* env_posix_test.cc */,
				BFF35C4B1FD40C46007F357B /* env_posix_test_helper.h */,
				BFF35C4C1FD40C46007F357B /* env_test.cc */,
				BFF35C4D1FD40C46007F357B /* filter_policy.cc */,
				BFF35C4E1FD40C46007F357B /* hash.cc */,
				BFF35C4F1FD40C46007F357B /* hash.h */,
				BFF35C501FD40C46007F357B /* hash_test.cc */,
				BFF35C511FD40C46007F357B /* histogram.cc */,
				BFF35C521FD40C46007F357B /* histogram.h */,
				BFF35C531FD40C46007F357B /* logging.cc */,
				BFF35C541FD40C46007F357B /* logging.h */,
				BFF35C551FD40C46007F357B /* mutexlock.h */,
				BFF35C561FD40C46007F357B /* options.cc */,
				BFF35C571FD40C46007F357B /* posix_logger.h */,
				BFF35C581FD40C46007F357B /* random.h */,
				BFF35C591FD40C46007F357B /* status.cc */,
				BFF35C5A1FD40C46007F357B /* testharness.cc */,
				BFF35C5B1FD40C46007F357B /* testharness.h */,
				BFF35C5C1FD40C46007F357B /* testutil.cc */,
				BFF35C5D1FD40C46007F357B /* testutil.h */,
			);
			name = util;
			path = ../util;
			sourceTree = "<group>";
		};
		BFF35C5E1FD40C46007F357B /* helpers */ = {
			isa = PBXGroup;
			children = (
				BFF35C5F1FD40C46007F357B /* memenv */,
			);
			name = helpers;
			path = ../helpers;
			sourceTree = "<group>";
		};
		BFF35C5F1FD40C46007F357B /* memenv */ = {
			isa = PBXGroup;
			children = (
				BFF35C601FD40C46007F357B /* memenv.cc */,
				BFF35C611FD40C46007F357B /* memenv.h */,
				BFF35C621FD40C46007F357B /* memenv_test.cc */,
			);
			path = memenv;
			sourceTree = "<group>";
		};
		BFF35C631FD40C47007F357B /* doc */ = {
			isa = PBXGroup;
			children = (
				BFF35C641FD40C47007F357B /* bench */,
				BFF35C671FD40C47007F357B /* benchmark.html */,
				BFF35C681FD40C47007F357B /* impl.md */,
				BFF35C691FD40C47007F357B /* index.md */,
				BFF35C6A1FD40C47007F357B /* log_format.md */,
				BFF35C6B1FD40C47007F357B /* table_format.md */,
			);
			name = doc;
			path = ../doc;
			sourceTree = "<group>";
		};
		BFF35C641FD40C47007F357B /* bench */ = {
			isa = PBXGroup;
			children = (
				BFF35C651FD40C47007F357B /* db_bench_sqlite3.cc */,
				BFF35C661FD40C47007F357B /* db_bench_tree_db.cc */,
			);
			path = bench;
			sourceTree = "<group>";
		};
		BFF35C6C1FD40C47007F357B /* port */ = {
			isa = PBXGroup;
			children = (
				BFF35C6D1FD40C47007F357B /* atomic_pointer.h */,
				BFF35C6E1FD40C47007F357B /* port.h */,
				BFF35C6F1FD40C47007F357B /* port_example.h */,
				BFF35C701FD40C47007F357B /* port_posix.cc */,
				BFF35C711FD40C47007F357B /* port_posix.h */,
				BFF35C721FD40C47007F357B /* README */,
				BFF35C731FD40C47007F357B /* thread_annotations.h */,
				BFF35C741FD40C47007F357B /* win */,
			);
			name = port;
			path = ../port;
			sourceTree = "<group>";
		};
		BFF35C741FD40C47007F357B /* win */ = {
			isa = PBXGroup;
			children = (
				BFF35C751FD40C47007F357B /* stdint.h */,
			);
			path = win;
			sourceTree = "<group>";
		};
		BFF35C761FD40C47007F357B /* include */ = {
			isa = PBXGroup;
			children = (
				BFF35C771FD40C47007F357B /* leveldb */,
			);
			name = include;
			path = ../include;
			sourceTree = "<group>";
		};
		BFF35C771FD40C47007F357B /* leveldb */ = {
			isa = PBXGroup;
			children = (
				BFF35C781FD40C47007F357B /* c.h */,
				BFF35C791FD40C47007F357B /* cache.h */,
				BFF35C7A1FD40C47007F357B /* comparator.h */,
				BFF35C7B1FD40C47007F357B /* db.h */,
				BFF35C7C1FD40C47007F357B /* dumpfile.h */,
				BFF35C7D1FD40C47007F357B /* env.h */,
				BFF35C7E1FD40C47007F357B /* export.h */,
				BFF35C7F1FD40C47007F357B /* filter_policy.h */,
				BFF35C801FD40C47007F357B /* iterator.h */,
				BFF35C811FD40C47007F357B /* options.h */,
				BFF35C821FD40C47007F357B /* slice.h */,
				BFF35C831FD40C47007F357B /* status.h */,
				BFF35C841FD40C47007F357B /* table.h */,
				BFF35C851FD40C47007F357B /* table_builder.h */,
				BFF35C861FD40C47007F357B /* write_batch.h */,
			);
			path = leveldb;
			sourceTree = "<group>";
		};
		BFF35C871FD40C47007F357B /* table */ = {
			isa = PBXGroup;
			children = (
				BFF35C881FD40C47007F357B /* block.cc */,
				BFF35C891FD40C47007F357B /* block.h */,
				BFF35C8A1FD40C47007F357B /* block_builder.cc */,
				BFF35C8B1FD40C47007F357B /* block_builder.h */,
				BFF35C8C1FD40C47007F357B /* filter_block.cc */,
				BFF35C8D1FD40C47007F357B /* filter_block.h */,
				BFF35C8E1FD40C47007F357B /* filter_block_test.cc */,
				BFF35C8F1FD40C47007F357B /* format.cc */,
				BFF35C901FD40C47007F357B /* format.h */,
				BFF35C911FD40C47007F357B /* iterator.cc */,
				BFF35C921FD40C47007F357B /* iterator_wrapper.h */,
				BFF35C931FD40C47007F357B /* merger.cc */,
				BFF35C941FD40C47007F357B /* merger.h */,
				BFF35C951FD40C47007F357B /* table.cc */,
				BFF35C961FD40C47007F357B /* table_builder.cc */,
				BFF35C971FD40C47007F357B /* table_test.cc */,
				BFF35C981FD40C47007F357B /* two_level_iterator.cc */,
				BFF35C991FD40C47007F357B /* two_level_iterator.h */,
			);
			name = table;
			path = ../table;
			sourceTree = "<group>";
		};
		BFF35C9A1FD40C47007F357B /* db */ = {
			isa = PBXGroup;
			children = (
				BFF35C9B1FD40C47007F357B /* autocompact_test.cc */,
				BFF35C9C1FD40C47007F357B /* builder.cc */,
				BFF35C9D1FD40C47007F357B /* builder.h */,
				BFF35C9E1FD40C47007F357B /* c.cc */,
				BFF35C9F1FD40C47007F357B /* c_test.c */,
				BFF35CA01FD40C47007F357B /* corruption_test.cc */,
				BFF35CA11FD40C47007F357B /* db_bench.cc */,
				BFF35CA21FD40C47007F357B /* db_impl.cc */,
				BFF35CA31FD40C47007F357B /* db_impl.h */,
				BFF35CA41FD40C47007F357B /* db_iter.cc */,
				BFF35CA51FD40C47007F357B /* db_iter.h */,
				BFF35CA61FD40C47007F357B /* db_test.cc */,
				BFF35CA71FD40C47007F357B /* db_test.cc.txt */,
				BFF35CA81FD40C47007F357B /* dbformat.cc */,
				BFF35CA91FD40C47007F357B /* dbformat.h */,
				BFF35CAA1FD40C47007F357B /* dbformat_test.cc */,
				BFF35CAB1FD40C47007F357B /* dumpfile.cc */,
				BFF35CAC1FD40C47007F357B /* fault_injection_test.cc */,
				BFF35CAD1FD40C47007F357B /* filename.cc */,
				BFF35CAE1FD40C47007F357B /* filename.h */,
				BFF35CAF1FD40C47007F357B /* filename_test.cc */,
				BFF35CB01FD40C47007F357B /* leveldbutil.cc */,
				BFF35CB11FD40C47007F357B /* log_format.h */,
				BFF35CB21FD40C47007F357B /* log_reader.cc */,
				BFF35CB31FD40C47007F357B /* log_reader.h */,
				BFF35CB41FD40C47007F357B /* log_test.cc */,
				BFF35CB51FD40C47007F357B /* log_writer.cc */,
				BFF35CB61FD40C47007F357B /* log_writer.h */,
				BFF35CB71FD40C47007F357B /* memtable.cc */,
				BFF35CB81FD40C47007F357B /* memtable.h */,
				BFF35CB91FD40C47007F357B /* recovery_test.cc */,
				BFF35CBA1FD40C47007F357B /* repair.cc */,
				BFF35CBB1FD40C47007F357B /* skiplist.h */,
				BFF35CBC1FD40C47007F357B /* skiplist_test.cc */,
				BFF35CBD1FD40C47007F357B /* snapshot.h */,
				BFF35CBE1FD40C47007F357B /* table_cache.cc */,
				BFF35CBF1FD40C47007F357B /* table_cache.h */,
				BFF35CC01FD40C47007F357B /* version_edit.cc */,
				BFF35CC11FD40C47007F357B /* version_edit.h */,
				BFF35CC21FD40C47007F357B /* version_edit_test.cc */,
				BFF35CC31FD40C47007F357B /* version_set.cc */,
				BFF35CC41FD40C47007F357B /* version_set.h */,
				BFF35CC51FD40C47007F357B /* version_set_test.cc */,
				BFF35CC61FD40C47007F357B /* write_batch.cc */,
				BFF35CC71FD40C47007F357B /* write_batch_internal.h */,
				BFF35CC81FD40C47007F357B /* write_batch_test.cc */,
			);
			name = db;
			path = ../db;
			sourceTree = "<group>";
		};
		BFF35CC91FD40C47007F357B /* issues */ = {
			isa = PBXGroup;
			children = (
				BFF35CCA1FD40C47007F357B /* issue178_test.cc */,
				BFF35CCB1FD40C47007F357B /* issue200_test.cc */,
			);
			name = issues;
			path = ../issues;
			sourceTree = "<group>";
		};
/* End PBXGroup section */

/* Begin PBXLegacyTarget section */
		BFF35C271FD403DD007F357B /* LevelDB_Xcode */ = {
			isa = PBXLegacyTarget;
			buildArgumentsString = "$(ACTION)";
			buildConfigurationList = BFF35C2A1FD403DD007F357B /* Build configuration list for PBXLegacyTarget "LevelDB_Xcode" */;
			buildPhases = (
			);
			buildToolPath = /usr/bin/make;
			buildWorkingDirectory = /Users/dencesun/Desktop/learn_levelDB;
			dependencies = (
			);
			name = LevelDB_Xcode;
			passBuildSettingsInEnvironment = 1;
			productName = LevelDB_Xcode;
		};
/* End PBXLegacyTarget section */

/* Begin PBXNativeTarget section */
		BFF35C301FD40C0A007F357B /* dummy */ = {
			isa = PBXNativeTarget;
			buildConfigurationList = BFF35C361FD40C0A007F357B /* Build configuration list for PBXNativeTarget "dummy" */;
			buildPhases = (
				BFF35C2D1FD40C0A007F357B /* Sources */,
				BFF35C2E1FD40C0A007F357B /* Frameworks */,
				BFF35C2F1FD40C0A007F357B /* CopyFiles */,
			);
			buildRules = (
			);
			dependencies = (
			);
			name = dummy;
			productName = dummy;
			productReference = BFF35C311FD40C0A007F357B /* dummy */;
			productType = "com.apple.product-type.tool";
		};
/* End PBXNativeTarget section */

/* Begin PBXProject section */
		BFF35C231FD403DD007F357B /* Project object */ = {
			isa = PBXProject;
			attributes = {
				LastUpgradeCheck = 0910;
				ORGANIZATIONNAME = Sun;
				TargetAttributes = {
					BFF35C271FD403DD007F357B = {
						CreatedOnToolsVersion = 9.1;
						ProvisioningStyle = Automatic;
					};
					BFF35C301FD40C0A007F357B = {
						CreatedOnToolsVersion = 9.1;
						ProvisioningStyle = Automatic;
					};
				};
			};
			buildConfigurationList = BFF35C261FD403DD007F357B /* Build configuration list for PBXProject "LevelDB_Xcode" */;
			compatibilityVersion = "Xcode 8.0";
			developmentRegion = en;
			hasScannedForEncodings = 0;
			knownRegions = (
				en,
			);
			mainGroup = BFF35C221FD403DD007F357B;
			productRefGroup = BFF35C321FD40C0A007F357B /* Products */;
			projectDirPath = "";
			projectRoot = "";
			targets = (
				BFF35C271FD403DD007F357B /* LevelDB_Xcode */,
				BFF35C301FD40C0A007F357B /* dummy */,
			);
		};
/* End PBXProject section */

/* Begin PBXSourcesBuildPhase section */
		BFF35C2D1FD40C0A007F357B /* Sources */ = {
			isa = PBXSourcesBuildPhase;
			buildActionMask = 2147483647;
			files = (
				BFF35D141FD40C66007F357B /* builder.h in Sources */,
				BFF35D151FD40C66007F357B /* db_impl.h in Sources */,
				BFF35D161FD40C66007F357B /* db_iter.h in Sources */,
				BFF35D171FD40C66007F357B /* dbformat.h in Sources */,
				BFF35D181FD40C66007F357B /* filename.h in Sources */,
				BFF35D191FD40C66007F357B /* log_format.h in Sources */,
				BFF35D1A1FD40C66007F357B /* log_reader.h in Sources */,
				BFF35D1B1FD40C66007F357B /* log_writer.h in Sources */,
				BFF35D1C1FD40C66007F357B /* memtable.h in Sources */,
				BFF35D1D1FD40C66007F357B /* skiplist.h in Sources */,
				BFF35D1E1FD40C66007F357B /* snapshot.h in Sources */,
				BFF35D1F1FD40C66007F357B /* table_cache.h in Sources */,
				BFF35D201FD40C66007F357B /* version_edit.h in Sources */,
				BFF35D211FD40C66007F357B /* version_set.h in Sources */,
				BFF35D221FD40C66007F357B /* write_batch_internal.h in Sources */,
				BFF35D231FD40C66007F357B /* benchmark.html in Sources */,
				BFF35D241FD40C66007F357B /* memenv.h in Sources */,
				BFF35D251FD40C66007F357B /* c.h in Sources */,
				BFF35D261FD40C66007F357B /* cache.h in Sources */,
				BFF35D271FD40C66007F357B /* comparator.h in Sources */,
				BFF35D281FD40C66007F357B /* db.h in Sources */,
				BFF35D291FD40C66007F357B /* dumpfile.h in Sources */,
				BFF35D2A1FD40C66007F357B /* env.h in Sources */,
				BFF35D2B1FD40C66007F357B /* export.h in Sources */,
				BFF35D2C1FD40C66007F357B /* filter_policy.h in Sources */,
				BFF35D2D1FD40C66007F357B /* iterator.h in Sources */,
				BFF35D2E1FD40C66007F357B /* options.h in Sources */,
				BFF35D2F1FD40C66007F357B /* slice.h in Sources */,
				BFF35D301FD40C66007F357B /* status.h in Sources */,
				BFF35D311FD40C66007F357B /* table.h in Sources */,
				BFF35D321FD40C66007F357B /* table_builder.h in Sources */,
				BFF35D331FD40C66007F357B /* write_batch.h in Sources */,
				BFF35D341FD40C66007F357B /* atomic_pointer.h in Sources */,
				BFF35D351FD40C66007F357B /* port.h in Sources */,
				BFF35D361FD40C66007F357B /* port_example.h in Sources */,
				BFF35D371FD40C66007F357B /* port_posix.h in Sources */,
				BFF35D381FD40C66007F357B /* thread_annotations.h in Sources */,
				BFF35D391FD40C66007F357B /* stdint.h in Sources */,
				BFF35D3A1FD40C66007F357B /* block.h in Sources */,
				BFF35D3B1FD40C66007F357B /* block_builder.h in Sources */,
				BFF35D3C1FD40C66007F357B /* filter_block.h in Sources */,
				BFF35D3D1FD40C66007F357B /* format.h in Sources */,
				BFF35D3E1FD40C66007F357B /* iterator_wrapper.h in Sources */,
				BFF35D3F1FD40C66007F357B /* merger.h in Sources */,
				BFF35D401FD40C66007F357B /* two_level_iterator.h in Sources */,
				BFF35D411FD40C66007F357B /* arena.h in Sources */,
				BFF35D421FD40C66007F357B /* coding.h in Sources */,
				BFF35D431FD40C66007F357B /* crc32c.h in Sources */,
				BFF35D441FD40C66007F357B /* env_posix_test_helper.h in Sources */,
				BFF35D451FD40C66007F357B /* hash.h in Sources */,
				BFF35D461FD40C66007F357B /* histogram.h in Sources */,
				BFF35D471FD40C66007F357B /* logging.h in Sources */,
				BFF35D481FD40C66007F357B /* mutexlock.h in Sources */,
				BFF35D491FD40C66007F357B /* posix_logger.h in Sources */,
				BFF35D4A1FD40C66007F357B /* random.h in Sources */,
				BFF35D4B1FD40C66007F357B /* testharness.h in Sources */,
				BFF35D4C1FD40C66007F357B /* testutil.h in Sources */,
				BFF35CCC1FD40C59007F357B /* autocompact_test.cc in Sources */,
				BFF35CCD1FD40C59007F357B /* builder.cc in Sources */,
				BFF35CCE1FD40C59007F357B /* c.cc in Sources */,
				BFF35CCF1FD40C59007F357B /* corruption_test.cc in Sources */,
				BFF35CD01FD40C59007F357B /* db_bench.cc in Sources */,
				BFF35CD11FD40C59007F357B /* db_impl.cc in Sources */,
				BFF35CD21FD40C59007F357B /* db_iter.cc in Sources */,
				BFF35CD31FD40C59007F357B /* db_test.cc in Sources */,
				BFF35CD41FD40C59007F357B /* db_test.cc.txt in Sources */,
				BFF35CD51FD40C59007F357B /* dbformat.cc in Sources */,
				BFF35CD61FD40C59007F357B /* dbformat_test.cc in Sources */,
				BFF35CD71FD40C59007F357B /* dumpfile.cc in Sources */,
				BFF35CD81FD40C59007F357B /* fault_injection_test.cc in Sources */,
				BFF35CD91FD40C59007F357B /* filename.cc in Sources */,
				BFF35CDA1FD40C59007F357B /* filename_test.cc in Sources */,
				BFF35CDB1FD40C59007F357B /* leveldbutil.cc in Sources */,
				BFF35CDC1FD40C59007F357B /* log_reader.cc in Sources */,
				BFF35CDD1FD40C59007F357B /* log_test.cc in Sources */,
				BFF35CDE1FD40C59007F357B /* log_writer.cc in Sources */,
				BFF35CDF1FD40C59007F357B /* memtable.cc in Sources */,
				BFF35CE01FD40C59007F357B /* recovery_test.cc in Sources */,
				BFF35CE11FD40C59007F357B /* repair.cc in Sources */,
				BFF35CE21FD40C59007F357B /* skiplist_test.cc in Sources */,
				BFF35CE31FD40C59007F357B /* table_cache.cc in Sources */,
				BFF35CE41FD40C59007F357B /* version_edit.cc in Sources */,
				BFF35CE51FD40C59007F357B /* version_edit_test.cc in Sources */,
				BFF35CE61FD40C59007F357B /* version_set.cc in Sources */,
				BFF35CE71FD40C59007F357B /* version_set_test.cc in Sources */,
				BFF35CE81FD40C59007F357B /* write_batch.cc in Sources */,
				BFF35CE91FD40C59007F357B /* write_batch_test.cc in Sources */,
				BFF35CEA1FD40C59007F357B /* db_bench_sqlite3.cc in Sources */,
				BFF35CEB1FD40C59007F357B /* db_bench_tree_db.cc in Sources */,
				BFF35CEC1FD40C59007F357B /* memenv.cc in Sources */,
				BFF35CED1FD40C59007F357B /* memenv_test.cc in Sources */,
				BFF35CEE1FD40C59007F357B /* issue178_test.cc in Sources */,
				BFF35CEF1FD40C59007F357B /* issue200_test.cc in Sources */,
				BFF35CF01FD40C59007F357B /* port_posix.cc in Sources */,
				BFF35CF11FD40C59007F357B /* block.cc in Sources */,
				BFF35CF21FD40C59007F357B /* block_builder.cc in Sources */,
				BFF35CF31FD40C59007F357B /* filter_block.cc in Sources */,
				BFF35CF41FD40C59007F357B /* filter_block_test.cc in Sources */,
				BFF35CF51FD40C59007F357B /* format.cc in Sources */,
				BFF35CF61FD40C59007F357B /* iterator.cc in Sources */,
				BFF35CF71FD40C59007F357B /* merger.cc in Sources */,
				BFF35CF81FD40C59007F357B /* table.cc in Sources */,
				BFF35CF91FD40C59007F357B /* table_builder.cc in Sources */,
				BFF35CFA1FD40C59007F357B /* table_test.cc in Sources */,
				BFF35CFB1FD40C59007F357B /* two_level_iterator.cc in Sources */,
				BFF35CFC1FD40C59007F357B /* arena.cc in Sources */,
				BFF35CFD1FD40C59007F357B /* arena_test.cc in Sources */,
				BFF35CFE1FD40C59007F357B /* bloom.cc in Sources */,
				BFF35CFF1FD40C59007F357B /* bloom_test.cc in Sources */,
				BFF35D001FD40C59007F357B /* cache.cc in Sources */,
				BFF35D011FD40C59007F357B /* cache_test.cc in Sources */,
				BFF35D021FD40C59007F357B /* coding.cc in Sources */,
				BFF35D031FD40C59007F357B /* coding_test.cc in Sources */,
				BFF35D041FD40C59007F357B /* comparator.cc in Sources */,
				BFF35D051FD40C59007F357B /* crc32c.cc in Sources */,
				BFF35D061FD40C59007F357B /* crc32c_test.cc in Sources */,
				BFF35D071FD40C59007F357B /* env.cc in Sources */,
				BFF35D081FD40C59007F357B /* env_posix.cc in Sources */,
				BFF35D091FD40C59007F357B /* env_posix_test.cc in Sources */,
				BFF35D0A1FD40C59007F357B /* env_test.cc in Sources */,
				BFF35D0B1FD40C59007F357B /* filter_policy.cc in Sources */,
				BFF35D0C1FD40C59007F357B /* hash.cc in Sources */,
				BFF35D0D1FD40C59007F357B /* hash_test.cc in Sources */,
				BFF35D0E1FD40C59007F357B /* histogram.cc in Sources */,
				BFF35D0F1FD40C59007F357B /* logging.cc in Sources */,
				BFF35D101FD40C59007F357B /* options.cc in Sources */,
				BFF35D111FD40C59007F357B /* status.cc in Sources */,
				BFF35D121FD40C59007F357B /* testharness.cc in Sources */,
				BFF35D131FD40C59007F357B /* testutil.cc in Sources */,
				BFF35C351FD40C0A007F357B /* main.cpp in Sources */,
			);
			runOnlyForDeploymentPostprocessing = 0;
		};
/* End PBXSourcesBuildPhase section */

/* Begin XCBuildConfiguration section */
		BFF35C281FD403DD007F357B /* Debug */ = {
			isa = XCBuildConfiguration;
			buildSettings = {
				ALWAYS_SEARCH_USER_PATHS = NO;
				CLANG_ANALYZER_NONNULL = YES;
				CLANG_ANALYZER_NUMBER_OBJECT_CONVERSION = YES_AGGRESSIVE;
				CLANG_CXX_LANGUAGE_STANDARD = "gnu++14";
				CLANG_CXX_LIBRARY = "libc++";
				CLANG_ENABLE_MODULES = YES;
				CLANG_ENABLE_OBJC_ARC = YES;
				CLANG_WARN_BLOCK_CAPTURE_AUTORELEASING = YES;
				CLANG_WARN_BOOL_CONVERSION = YES;
				CLANG_WARN_COMMA = YES;
				CLANG_WARN_CONSTANT_CONVERSION = YES;
				CLANG_WARN_DIRECT_OBJC_ISA_USAGE = YES_ERROR;
				CLANG_WARN_DOCUMENTATION_COMMENTS = YES;
				CLANG_WARN_EMPTY_BODY = YES;
				CLANG_WARN_ENUM_CONVERSION = YES;
				CLANG_WARN_INFINITE_RECURSION = YES;
				CLANG_WARN_INT_CONVERSION = YES;
				CLANG_WARN_NON_LITERAL_NULL_CONVERSION = YES;
				CLANG_WARN_OBJC_LITERAL_CONVERSION = YES;
				CLANG_WARN_OBJC_ROOT_CLASS = YES_ERROR;
				CLANG_WARN_RANGE_LOOP_ANALYSIS = YES;
				CLANG_WARN_STRICT_PROTOTYPES = YES;
				CLANG_WARN_SUSPICIOUS_MOVE = YES;
				CLANG_WARN_UNGUARDED_AVAILABILITY = YES_AGGRESSIVE;
				CLANG_WARN_UNREACHABLE_CODE = YES;
				CLANG_WARN__DUPLICATE_METHOD_MATCH = YES;
				COPY_PHASE_STRIP = NO;
				DEBUG_INFORMATION_FORMAT = dwarf;
				ENABLE_STRICT_OBJC_MSGSEND = YES;
				ENABLE_TESTABILITY = YES;
				GCC_C_LANGUAGE_STANDARD = gnu11;
				GCC_DYNAMIC_NO_PIC = NO;
				GCC_NO_COMMON_BLOCKS = YES;
				GCC_OPTIMIZATION_LEVEL = 0;
				GCC_PREPROCESSOR_DEFINITIONS = (
					"DEBUG=1",
					"$(inherited)",
				);
				GCC_WARN_64_TO_32_BIT_CONVERSION = YES;
				GCC_WARN_ABOUT_RETURN_TYPE = YES_ERROR;
				GCC_WARN_UNDECLARED_SELECTOR = YES;
				GCC_WARN_UNINITIALIZED_AUTOS = YES_AGGRESSIVE;
				GCC_WARN_UNUSED_FUNCTION = YES;
				GCC_WARN_UNUSED_VARIABLE = YES;
				MTL_ENABLE_DEBUG_INFO = YES;
				ONLY_ACTIVE_ARCH = YES;
			};
			name = Debug;
		};
		BFF35C291FD403DD007F357B /* Release */ = {
			isa = XCBuildConfiguration;
			buildSettings = {
				ALWAYS_SEARCH_USER_PATHS = NO;
				CLANG_ANALYZER_NONNULL = YES;
				CLANG_ANALYZER_NUMBER_OBJECT_CONVERSION = YES_AGGRESSIVE;
				CLANG_CXX_LANGUAGE_STANDARD = "gnu++14";
				CLANG_CXX_LIBRARY = "libc++";
				CLANG_ENABLE_MODULES = YES;
				CLANG_ENABLE_OBJC_ARC = YES;
				CLANG_WARN_BLOCK_CAPTURE_AUTORELEASING = YES;
				CLANG_WARN_BOOL_CONVERSION = YES;
				CLANG_WARN_COMMA = YES;
				CLANG_WARN_CONSTANT_CONVERSION = YES;
				CLANG_WARN_DIRECT_OBJC_ISA_USAGE = YES_ERROR;
				CLANG_WARN_DOCUMENTATION_COMMENTS = YES;
				CLANG_WARN_EMPTY_BODY = YES;
				CLANG_WARN_ENUM_CONVERSION = YES;
				CLANG_WARN_INFINITE_RECURSION = YES;
				CLANG_WARN_INT_CONVERSION = YES;
				CLANG_WARN_NON_LITERAL_NULL_CONVERSION = YES;
				CLANG_WARN_OBJC_LITERAL_CONVERSION = YES;
				CLANG_WARN_OBJC_ROOT_CLASS = YES_ERROR;
				CLANG_WARN_RANGE_LOOP_ANALYSIS = YES;
				CLANG_WARN_STRICT_PROTOTYPES = YES;
				CLANG_WARN_SUSPICIOUS_MOVE = YES;
				CLANG_WARN_UNGUARDED_AVAILABILITY = YES_AGGRESSIVE;
				CLANG_WARN_UNREACHABLE_CODE = YES;
				CLANG_WARN__DUPLICATE_METHOD_MATCH = YES;
				COPY_PHASE_STRIP = NO;
				DEBUG_INFORMATION_FORMAT = "dwarf-with-dsym";
				ENABLE_NS_ASSERTIONS = NO;
				ENABLE_STRICT_OBJC_MSGSEND = YES;
				GCC_C_LANGUAGE_STANDARD = gnu11;
				GCC_NO_COMMON_BLOCKS = YES;
				GCC_WARN_64_TO_32_BIT_CONVERSION = YES;
				GCC_WARN_ABOUT_RETURN_TYPE = YES_ERROR;
				GCC_WARN_UNDECLARED_SELECTOR = YES;
				GCC_WARN_UNINITIALIZED_AUTOS = YES_AGGRESSIVE;
				GCC_WARN_UNUSED_FUNCTION = YES;
				GCC_WARN_UNUSED_VARIABLE = YES;
				MTL_ENABLE_DEBUG_INFO = NO;
			};
			name = Release;
		};
		BFF35C2B1FD403DD007F357B /* Debug */ = {
			isa = XCBuildConfiguration;
			buildSettings = {
				CODE_SIGN_STYLE = Automatic;
				DEBUGGING_SYMBOLS = YES;
				DEBUG_INFORMATION_FORMAT = dwarf;
				GCC_GENERATE_DEBUGGING_SYMBOLS = YES;
				GCC_OPTIMIZATION_LEVEL = 0;
				OTHER_CFLAGS = "";
				OTHER_LDFLAGS = "";
				PRODUCT_NAME = "$(TARGET_NAME)";
			};
			name = Debug;
		};
		BFF35C2C1FD403DD007F357B /* Release */ = {
			isa = XCBuildConfiguration;
			buildSettings = {
				CODE_SIGN_STYLE = Automatic;
				DEBUG_INFORMATION_FORMAT = "dwarf-with-dsym";
				OTHER_CFLAGS = "";
				OTHER_LDFLAGS = "";
				PRODUCT_NAME = "$(TARGET_NAME)";
			};
			name = Release;
		};
		BFF35C371FD40C0A007F357B /* Debug */ = {
			isa = XCBuildConfiguration;
			buildSettings = {
				CODE_SIGN_IDENTITY = "-";
				CODE_SIGN_STYLE = Automatic;
				MACOSX_DEPLOYMENT_TARGET = 10.12;
				PRODUCT_NAME = "$(TARGET_NAME)";
				SDKROOT = macosx;
				USER_HEADER_SEARCH_PATHS = "../include/** ../**";
			};
			name = Debug;
		};
		BFF35C381FD40C0A007F357B /* Release */ = {
			isa = XCBuildConfiguration;
			buildSettings = {
				CODE_SIGN_IDENTITY = "-";
				CODE_SIGN_STYLE = Automatic;
				MACOSX_DEPLOYMENT_TARGET = 10.12;
				PRODUCT_NAME = "$(TARGET_NAME)";
				SDKROOT = macosx;
				USER_HEADER_SEARCH_PATHS = "../include/** ../**";
			};
			name = Release;
		};
/* End XCBuildConfiguration section */

/* Begin XCConfigurationList section */
		BFF35C261FD403DD007F357B /* Build configuration list for PBXProject "LevelDB_Xcode" */ = {
			isa = XCConfigurationList;
			buildConfigurations = (
				BFF35C281FD403DD007F357B /* Debug */,
				BFF35C291FD403DD007F357B /* Release */,
			);
			defaultConfigurationIsVisible = 0;
			defaultConfigurationName = Release;
		};
		BFF35C2A1FD403DD007F357B /* Build configuration list for PBXLegacyTarget "LevelDB_Xcode" */ = {
			isa = XCConfigurationList;
			buildConfigurations = (
				BFF35C2B1FD403DD007F357B /* Debug */,
				BFF35C2C1FD403DD007F357B /* Release */,
			);
			defaultConfigurationIsVisible = 0;
			defaultConfigurationName = Release;
		};
		BFF35C361FD40C0A007F357B /* Build configuration list for PBXNativeTarget "dummy" */ = {
			isa = XCConfigurationList;
			buildConfigurations = (
				BFF35C371FD40C0A007F357B /* Debug */,
				BFF35C381FD40C0A007F357B /* Release */,
			);
			defaultConfigurationIsVisible = 0;
			defaultConfigurationName = Release;
		};
/* End XCConfigurationList section */
	};
	rootObject = BFF35C231FD403DD007F357B /* Project object */;
}
